github.com/codegangsta/cli v1.20.0 h1:iX1FXEgwzd5+XN6wk5cVHOGQj6Q3Dcp20lUeS4lHNTw=
github.com/codegangsta/cli v1.20.0/go.mod h1:/qJNoX69yVSKu5o4jLyXAENLRyk1uhi7zkbQ3slBdOA=
github.com/joho/godotenv v1.3.0 h1:Zjp+RcGpHhGlrMbJzXTrZZPrWj+1vfm90La1wgB6Bhc=
github.com/joho/godotenv v1.3.0/go.mod h1:7hK45KPybAkOC6peb+G5yklZfMxEjkZhHbwpqxOKXbg=
github.com/pkg/errors v0.8.1 h1:iURUrRGxPUNPdy5/HRSm+Yj6okJ6UtLINN0Q9M4+h3I=
github.com/pkg/errors v0.8.1/go.mod h1:bwawxfHBFNV+L2hUp1rHADufV3IMtnDRdf1r5NINEl0=
